// !$*UTF8*$!
{
	archiveVersion = 1;
	classes = {
	};
	objectVersion = 46;
	objects = {

/* Begin PBXBuildFile section */
		50F922BD187DEDA300D005A0 /* lbMenuViewController.m in Sources */ = {isa = PBXBuildFile; fileRef = 50F922BC187DEDA300D005A0 /* lbMenuViewController.m */; };
		50FAAB51187CB6C5007DE001 /* Foundation.framework in Frameworks */ = {isa = PBXBuildFile; fileRef = 50FAAB50187CB6C5007DE001 /* Foundation.framework */; };
		50FAAB53187CB6C5007DE001 /* CoreGraphics.framework in Frameworks */ = {isa = PBXBuildFile; fileRef = 50FAAB52187CB6C5007DE001 /* CoreGraphics.framework */; };
		50FAAB55187CB6C5007DE001 /* UIKit.framework in Frameworks */ = {isa = PBXBuildFile; fileRef = 50FAAB54187CB6C5007DE001 /* UIKit.framework */; };
		50FAAB5B187CB6C5007DE001 /* InfoPlist.strings in Resources */ = {isa = PBXBuildFile; fileRef = 50FAAB59187CB6C5007DE001 /* InfoPlist.strings */; };
		50FAAB5D187CB6C5007DE001 /* main.m in Sources */ = {isa = PBXBuildFile; fileRef = 50FAAB5C187CB6C5007DE001 /* main.m */; };
		50FAAB61187CB6C5007DE001 /* lbAppDelegate.m in Sources */ = {isa = PBXBuildFile; fileRef = 50FAAB60187CB6C5007DE001 /* lbAppDelegate.m */; };
		50FAAB64187CB6C5007DE001 /* Main.storyboard in Resources */ = {isa = PBXBuildFile; fileRef = 50FAAB62187CB6C5007DE001 /* Main.storyboard */; };
		50FAAB67187CB6C5007DE001 /* lbMasterViewController.m in Sources */ = {isa = PBXBuildFile; fileRef = 50FAAB66187CB6C5007DE001 /* lbMasterViewController.m */; };
		50FAAB6A187CB6C5007DE001 /* lbDetailViewController.m in Sources */ = {isa = PBXBuildFile; fileRef = 50FAAB69187CB6C5007DE001 /* lbDetailViewController.m */; };
		50FAAB6C187CB6C5007DE001 /* Images.xcassets in Resources */ = {isa = PBXBuildFile; fileRef = 50FAAB6B187CB6C5007DE001 /* Images.xcassets */; };
		50FAAB73187CB6C5007DE001 /* XCTest.framework in Frameworks */ = {isa = PBXBuildFile; fileRef = 50FAAB72187CB6C5007DE001 /* XCTest.framework */; };
		50FAAB74187CB6C5007DE001 /* Foundation.framework in Frameworks */ = {isa = PBXBuildFile; fileRef = 50FAAB50187CB6C5007DE001 /* Foundation.framework */; };
		50FAAB75187CB6C5007DE001 /* UIKit.framework in Frameworks */ = {isa = PBXBuildFile; fileRef = 50FAAB54187CB6C5007DE001 /* UIKit.framework */; };
		50FAAB7D187CB6C5007DE001 /* InfoPlist.strings in Resources */ = {isa = PBXBuildFile; fileRef = 50FAAB7B187CB6C5007DE001 /* InfoPlist.strings */; };
		50FAAB7F187CB6C5007DE001 /* LeaderboardTests.m in Sources */ = {isa = PBXBuildFile; fileRef = 50FAAB7E187CB6C5007DE001 /* LeaderboardTests.m */; };
		50FAAB8A187DAB2C007DE001 /* lbInitialViewController.m in Sources */ = {isa = PBXBuildFile; fileRef = 50FAAB89187DAB2C007DE001 /* lbInitialViewController.m */; };
/* End PBXBuildFile section */

/* Begin PBXContainerItemProxy section */
		50FAAB76187CB6C5007DE001 /* PBXContainerItemProxy */ = {
			isa = PBXContainerItemProxy;
			containerPortal = 50FAAB45187CB6C5007DE001 /* Project object */;
			proxyType = 1;
			remoteGlobalIDString = 50FAAB4C187CB6C5007DE001;
			remoteInfo = Leaderboard;
		};
/* End PBXContainerItemProxy section */

/* Begin PBXFileReference section */
		50F922BB187DEDA300D005A0 /* lbMenuViewController.h */ = {isa = PBXFileReference; fileEncoding = 4; lastKnownFileType = sourcecode.c.h; path = lbMenuViewController.h; sourceTree = "<group>"; };
		50F922BC187DEDA300D005A0 /* lbMenuViewController.m */ = {isa = PBXFileReference; fileEncoding = 4; lastKnownFileType = sourcecode.c.objc; path = lbMenuViewController.m; sourceTree = "<group>"; };
		50FAAB4D187CB6C5007DE001 /* Leaderboard.app */ = {isa = PBXFileReference; explicitFileType = wrapper.application; includeInIndex = 0; path = Leaderboard.app; sourceTree = BUILT_PRODUCTS_DIR; };
		50FAAB50187CB6C5007DE001 /* Foundation.framework */ = {isa = PBXFileReference; lastKnownFileType = wrapper.framework; name = Foundation.framework; path = System/Library/Frameworks/Foundation.framework; sourceTree = SDKROOT; };
		50FAAB52187CB6C5007DE001 /* CoreGraphics.framework */ = {isa = PBXFileReference; lastKnownFileType = wrapper.framework; name = CoreGraphics.framework; path = System/Library/Frameworks/CoreGraphics.framework; sourceTree = SDKROOT; };
		50FAAB54187CB6C5007DE001 /* UIKit.framework */ = {isa = PBXFileReference; lastKnownFileType = wrapper.framework; name = UIKit.framework; path = System/Library/Frameworks/UIKit.framework; sourceTree = SDKROOT; };
		50FAAB58187CB6C5007DE001 /* Leaderboard-Info.plist */ = {isa = PBXFileReference; lastKnownFileType = text.plist.xml; path = "Leaderboard-Info.plist"; sourceTree = "<group>"; };
		50FAAB5A187CB6C5007DE001 /* en */ = {isa = PBXFileReference; lastKnownFileType = text.plist.strings; name = en; path = en.lproj/InfoPlist.strings; sourceTree = "<group>"; };
		50FAAB5C187CB6C5007DE001 /* main.m */ = {isa = PBXFileReference; lastKnownFileType = sourcecode.c.objc; path = main.m; sourceTree = "<group>"; };
		50FAAB5E187CB6C5007DE001 /* Leaderboard-Prefix.pch */ = {isa = PBXFileReference; lastKnownFileType = sourcecode.c.h; path = "Leaderboard-Prefix.pch"; sourceTree = "<group>"; };
		50FAAB5F187CB6C5007DE001 /* lbAppDelegate.h */ = {isa = PBXFileReference; lastKnownFileType = sourcecode.c.h; path = lbAppDelegate.h; sourceTree = "<group>"; };
		50FAAB60187CB6C5007DE001 /* lbAppDelegate.m */ = {isa = PBXFileReference; lastKnownFileType = sourcecode.c.objc; path = lbAppDelegate.m; sourceTree = "<group>"; };
		50FAAB63187CB6C5007DE001 /* Base */ = {isa = PBXFileReference; lastKnownFileType = file.storyboard; name = Base; path = Base.lproj/Main.storyboard; sourceTree = "<group>"; };
		50FAAB65187CB6C5007DE001 /* lbMasterViewController.h */ = {isa = PBXFileReference; lastKnownFileType = sourcecode.c.h; path = lbMasterViewController.h; sourceTree = "<group>"; };
		50FAAB66187CB6C5007DE001 /* lbMasterViewController.m */ = {isa = PBXFileReference; lastKnownFileType = sourcecode.c.objc; path = lbMasterViewController.m; sourceTree = "<group>"; };
		50FAAB68187CB6C5007DE001 /* lbDetailViewController.h */ = {isa = PBXFileReference; lastKnownFileType = sourcecode.c.h; path = lbDetailViewController.h; sourceTree = "<group>"; };
		50FAAB69187CB6C5007DE001 /* lbDetailViewController.m */ = {isa = PBXFileReference; lastKnownFileType = sourcecode.c.objc; path = lbDetailViewController.m; sourceTree = "<group>"; };
		50FAAB6B187CB6C5007DE001 /* Images.xcassets */ = {isa = PBXFileReference; lastKnownFileType = folder.assetcatalog; path = Images.xcassets; sourceTree = "<group>"; };
		50FAAB71187CB6C5007DE001 /* LeaderboardTests.xctest */ = {isa = PBXFileReference; explicitFileType = wrapper.cfbundle; includeInIndex = 0; path = LeaderboardTests.xctest; sourceTree = BUILT_PRODUCTS_DIR; };
		50FAAB72187CB6C5007DE001 /* XCTest.framework */ = {isa = PBXFileReference; lastKnownFileType = wrapper.framework; name = XCTest.framework; path = Library/Frameworks/XCTest.framework; sourceTree = DEVELOPER_DIR; };
		50FAAB7A187CB6C5007DE001 /* LeaderboardTests-Info.plist */ = {isa = PBXFileReference; lastKnownFileType = text.plist.xml; path = "LeaderboardTests-Info.plist"; sourceTree = "<group>"; };
		50FAAB7C187CB6C5007DE001 /* en */ = {isa = PBXFileReference; lastKnownFileType = text.plist.strings; name = en; path = en.lproj/InfoPlist.strings; sourceTree = "<group>"; };
		50FAAB7E187CB6C5007DE001 /* LeaderboardTests.m */ = {isa = PBXFileReference; lastKnownFileType = sourcecode.c.objc; path = LeaderboardTests.m; sourceTree = "<group>"; };
		50FAAB88187DAB2C007DE001 /* lbInitialViewController.h */ = {isa = PBXFileReference; fileEncoding = 4; lastKnownFileType = sourcecode.c.h; path = lbInitialViewController.h; sourceTree = "<group>"; };
		50FAAB89187DAB2C007DE001 /* lbInitialViewController.m */ = {isa = PBXFileReference; fileEncoding = 4; lastKnownFileType = sourcecode.c.objc; path = lbInitialViewController.m; sourceTree = "<group>"; };
		50FAAB8B187DAC5B007DE001 /* lbConstants.h */ = {isa = PBXFileReference; lastKnownFileType = sourcecode.c.h; path = lbConstants.h; sourceTree = "<group>"; };
/* End PBXFileReference section */

/* Begin PBXFrameworksBuildPhase section */
		50FAAB4A187CB6C5007DE001 /* Frameworks */ = {
			isa = PBXFrameworksBuildPhase;
			buildActionMask = 2147483647;
			files = (
				50FAAB53187CB6C5007DE001 /* CoreGraphics.framework in Frameworks */,
				50FAAB55187CB6C5007DE001 /* UIKit.framework in Frameworks */,
				50FAAB51187CB6C5007DE001 /* Foundation.framework in Frameworks */,
			);
			runOnlyForDeploymentPostprocessing = 0;
		};
		50FAAB6E187CB6C5007DE001 /* Frameworks */ = {
			isa = PBXFrameworksBuildPhase;
			buildActionMask = 2147483647;
			files = (
				50FAAB73187CB6C5007DE001 /* XCTest.framework in Frameworks */,
				50FAAB75187CB6C5007DE001 /* UIKit.framework in Frameworks */,
				50FAAB74187CB6C5007DE001 /* Foundation.framework in Frameworks */,
			);
			runOnlyForDeploymentPostprocessing = 0;
		};
/* End PBXFrameworksBuildPhase section */

/* Begin PBXGroup section */
		50FAAB44187CB6C5007DE001 = {
			isa = PBXGroup;
			children = (
				50FAAB56187CB6C5007DE001 /* Leaderboard */,
				50FAAB78187CB6C5007DE001 /* LeaderboardTests */,
				50FAAB4F187CB6C5007DE001 /* Frameworks */,
				50FAAB4E187CB6C5007DE001 /* Products */,
			);
			sourceTree = "<group>";
		};
		50FAAB4E187CB6C5007DE001 /* Products */ = {
			isa = PBXGroup;
			children = (
				50FAAB4D187CB6C5007DE001 /* Leaderboard.app */,
				50FAAB71187CB6C5007DE001 /* LeaderboardTests.xctest */,
			);
			name = Products;
			sourceTree = "<group>";
		};
		50FAAB4F187CB6C5007DE001 /* Frameworks */ = {
			isa = PBXGroup;
			children = (
				50FAAB50187CB6C5007DE001 /* Foundation.framework */,
				50FAAB52187CB6C5007DE001 /* CoreGraphics.framework */,
				50FAAB54187CB6C5007DE001 /* UIKit.framework */,
				50FAAB72187CB6C5007DE001 /* XCTest.framework */,
			);
			name = Frameworks;
			sourceTree = "<group>";
		};
		50FAAB56187CB6C5007DE001 /* Leaderboard */ = {
			isa = PBXGroup;
			children = (
				50FAAB5F187CB6C5007DE001 /* lbAppDelegate.h */,
				50FAAB60187CB6C5007DE001 /* lbAppDelegate.m */,
				50FAAB62187CB6C5007DE001 /* Main.storyboard */,
				50FAAB8B187DAC5B007DE001 /* lbConstants.h */,
				50FAAB88187DAB2C007DE001 /* lbInitialViewController.h */,
				50FAAB89187DAB2C007DE001 /* lbInitialViewController.m */,
				50F922BB187DEDA300D005A0 /* lbMenuViewController.h */,
				50F922BC187DEDA300D005A0 /* lbMenuViewController.m */,
				50FAAB65187CB6C5007DE001 /* lbMasterViewController.h */,
				50FAAB66187CB6C5007DE001 /* lbMasterViewController.m */,
				50FAAB68187CB6C5007DE001 /* lbDetailViewController.h */,
				50FAAB69187CB6C5007DE001 /* lbDetailViewController.m */,
				50FAAB6B187CB6C5007DE001 /* Images.xcassets */,
				50FAAB57187CB6C5007DE001 /* Supporting Files */,
			);
			path = Leaderboard;
			sourceTree = "<group>";
		};
		50FAAB57187CB6C5007DE001 /* Supporting Files */ = {
			isa = PBXGroup;
			children = (
				50FAAB58187CB6C5007DE001 /* Leaderboard-Info.plist */,
				50FAAB59187CB6C5007DE001 /* InfoPlist.strings */,
				50FAAB5C187CB6C5007DE001 /* main.m */,
				50FAAB5E187CB6C5007DE001 /* Leaderboard-Prefix.pch */,
			);
			name = "Supporting Files";
			sourceTree = "<group>";
		};
		50FAAB78187CB6C5007DE001 /* LeaderboardTests */ = {
			isa = PBXGroup;
			children = (
				50FAAB7E187CB6C5007DE001 /* LeaderboardTests.m */,
				50FAAB79187CB6C5007DE001 /* Supporting Files */,
			);
			path = LeaderboardTests;
			sourceTree = "<group>";
		};
		50FAAB79187CB6C5007DE001 /* Supporting Files */ = {
			isa = PBXGroup;
			children = (
				50FAAB7A187CB6C5007DE001 /* LeaderboardTests-Info.plist */,
				50FAAB7B187CB6C5007DE001 /* InfoPlist.strings */,
			);
			name = "Supporting Files";
			sourceTree = "<group>";
		};
/* End PBXGroup section */

/* Begin PBXNativeTarget section */
		50FAAB4C187CB6C5007DE001 /* Leaderboard */ = {
			isa = PBXNativeTarget;
			buildConfigurationList = 50FAAB82187CB6C5007DE001 /* Build configuration list for PBXNativeTarget "Leaderboard" */;
			buildPhases = (
				50FAAB49187CB6C5007DE001 /* Sources */,
				50FAAB4A187CB6C5007DE001 /* Frameworks */,
				50FAAB4B187CB6C5007DE001 /* Resources */,
			);
			buildRules = (
			);
			dependencies = (
			);
			name = Leaderboard;
			productName = Leaderboard;
			productReference = 50FAAB4D187CB6C5007DE001 /* Leaderboard.app */;
			productType = "com.apple.product-type.application";
		};
		50FAAB70187CB6C5007DE001 /* LeaderboardTests */ = {
			isa = PBXNativeTarget;
			buildConfigurationList = 50FAAB85187CB6C5007DE001 /* Build configuration list for PBXNativeTarget "LeaderboardTests" */;
			buildPhases = (
				50FAAB6D187CB6C5007DE001 /* Sources */,
				50FAAB6E187CB6C5007DE001 /* Frameworks */,
				50FAAB6F187CB6C5007DE001 /* Resources */,
			);
			buildRules = (
			);
			dependencies = (
				50FAAB77187CB6C5007DE001 /* PBXTargetDependency */,
			);
			name = LeaderboardTests;
			productName = LeaderboardTests;
			productReference = 50FAAB71187CB6C5007DE001 /* LeaderboardTests.xctest */;
			productType = "com.apple.product-type.bundle.unit-test";
		};
/* End PBXNativeTarget section */

/* Begin PBXProject section */
		50FAAB45187CB6C5007DE001 /* Project object */ = {
			isa = PBXProject;
			attributes = {
				CLASSPREFIX = lb;
				LastUpgradeCheck = 0500;
				ORGANIZATIONNAME = gffny.com;
				TargetAttributes = {
					50FAAB70187CB6C5007DE001 = {
						TestTargetID = 50FAAB4C187CB6C5007DE001;
					};
				};
			};
			buildConfigurationList = 50FAAB48187CB6C5007DE001 /* Build configuration list for PBXProject "Leaderboard" */;
			compatibilityVersion = "Xcode 3.2";
			developmentRegion = English;
			hasScannedForEncodings = 0;
			knownRegions = (
				en,
				Base,
			);
			mainGroup = 50FAAB44187CB6C5007DE001;
			productRefGroup = 50FAAB4E187CB6C5007DE001 /* Products */;
			projectDirPath = "";
			projectRoot = "";
			targets = (
				50FAAB4C187CB6C5007DE001 /* Leaderboard */,
				50FAAB70187CB6C5007DE001 /* LeaderboardTests */,
			);
		};
/* End PBXProject section */

/* Begin PBXResourcesBuildPhase section */
		50FAAB4B187CB6C5007DE001 /* Resources */ = {
			isa = PBXResourcesBuildPhase;
			buildActionMask = 2147483647;
			files = (
				50FAAB6C187CB6C5007DE001 /* Images.xcassets in Resources */,
				50FAAB5B187CB6C5007DE001 /* InfoPlist.strings in Resources */,
				50FAAB64187CB6C5007DE001 /* Main.storyboard in Resources */,
			);
			runOnlyForDeploymentPostprocessing = 0;
		};
		50FAAB6F187CB6C5007DE001 /* Resources */ = {
			isa = PBXResourcesBuildPhase;
			buildActionMask = 2147483647;
			files = (
				50FAAB7D187CB6C5007DE001 /* InfoPlist.strings in Resources */,
			);
			runOnlyForDeploymentPostprocessing = 0;
		};
/* End PBXResourcesBuildPhase section */

/* Begin PBXSourcesBuildPhase section */
		50FAAB49187CB6C5007DE001 /* Sources */ = {
			isa = PBXSourcesBuildPhase;
			buildActionMask = 2147483647;
			files = (
				50FAAB8A187DAB2C007DE001 /* lbInitialViewController.m in Sources */,
				50FAAB61187CB6C5007DE001 /* lbAppDelegate.m in Sources */,
				50FAAB67187CB6C5007DE001 /* lbMasterViewController.m in Sources */,
				50F922BD187DEDA300D005A0 /* lbMenuViewController.m in Sources */,
				50FAAB5D187CB6C5007DE001 /* main.m in Sources */,
				50FAAB6A187CB6C5007DE001 /* lbDetailViewController.m in Sources */,
			);
			runOnlyForDeploymentPostprocessing = 0;
		};
		50FAAB6D187CB6C5007DE001 /* Sources */ = {
			isa = PBXSourcesBuildPhase;
			buildActionMask = 2147483647;
			files = (
				50FAAB7F187CB6C5007DE001 /* LeaderboardTests.m in Sources */,
			);
			runOnlyForDeploymentPostprocessing = 0;
		};
/* End PBXSourcesBuildPhase section */

/* Begin PBXTargetDependency section */
		50FAAB77187CB6C5007DE001 /* PBXTargetDependency */ = {
			isa = PBXTargetDependency;
			target = 50FAAB4C187CB6C5007DE001 /* Leaderboard */;
			targetProxy = 50FAAB76187CB6C5007DE001 /* PBXContainerItemProxy */;
		};
/* End PBXTargetDependency section */

/* Begin PBXVariantGroup section */
		50FAAB59187CB6C5007DE001 /* InfoPlist.strings */ = {
			isa = PBXVariantGroup;
			children = (
				50FAAB5A187CB6C5007DE001 /* en */,
			);
			name = InfoPlist.strings;
			sourceTree = "<group>";
		};
		50FAAB62187CB6C5007DE001 /* Main.storyboard */ = {
			isa = PBXVariantGroup;
			children = (
				50FAAB63187CB6C5007DE001 /* Base */,
			);
			name = Main.storyboard;
			sourceTree = "<group>";
		};
		50FAAB7B187CB6C5007DE001 /* InfoPlist.strings */ = {
			isa = PBXVariantGroup;
			children = (
				50FAAB7C187CB6C5007DE001 /* en */,
			);
			name = InfoPlist.strings;
			sourceTree = "<group>";
		};
/* End PBXVariantGroup section */

/* Begin XCBuildConfiguration section */
		50FAAB80187CB6C5007DE001 /* Debug */ = {
			isa = XCBuildConfiguration;
			buildSettings = {
				ALWAYS_SEARCH_USER_PATHS = NO;
				ARCHS = "$(ARCHS_STANDARD_INCLUDING_64_BIT)";
				CLANG_CXX_LANGUAGE_STANDARD = "gnu++0x";
				CLANG_CXX_LIBRARY = "libc++";
				CLANG_ENABLE_MODULES = YES;
				CLANG_ENABLE_OBJC_ARC = YES;
				CLANG_WARN_BOOL_CONVERSION = YES;
				CLANG_WARN_CONSTANT_CONVERSION = YES;
				CLANG_WARN_DIRECT_OBJC_ISA_USAGE = YES_ERROR;
				CLANG_WARN_EMPTY_BODY = YES;
				CLANG_WARN_ENUM_CONVERSION = YES;
				CLANG_WARN_INT_CONVERSION = YES;
				CLANG_WARN_OBJC_ROOT_CLASS = YES_ERROR;
				CLANG_WARN__DUPLICATE_METHOD_MATCH = YES;
				"CODE_SIGN_IDENTITY[sdk=iphoneos*]" = "iPhone Developer";
				COPY_PHASE_STRIP = NO;
				GCC_C_LANGUAGE_STANDARD = gnu99;
				GCC_DYNAMIC_NO_PIC = NO;
				GCC_OPTIMIZATION_LEVEL = 0;
				GCC_PREPROCESSOR_DEFINITIONS = (
					"DEBUG=1",
					"$(inherited)",
				);
				GCC_SYMBOLS_PRIVATE_EXTERN = NO;
				GCC_WARN_64_TO_32_BIT_CONVERSION = YES;
				GCC_WARN_ABOUT_RETURN_TYPE = YES_ERROR;
				GCC_WARN_UNDECLARED_SELECTOR = YES;
				GCC_WARN_UNINITIALIZED_AUTOS = YES;
				GCC_WARN_UNUSED_FUNCTION = YES;
				GCC_WARN_UNUSED_VARIABLE = YES;
				IPHONEOS_DEPLOYMENT_TARGET = 7.0;
				ONLY_ACTIVE_ARCH = YES;
				SDKROOT = iphoneos;
			};
			name = Debug;
		};
		50FAAB81187CB6C5007DE001 /* Release */ = {
			isa = XCBuildConfiguration;
			buildSettings = {
				ALWAYS_SEARCH_USER_PATHS = NO;
				ARCHS = "$(ARCHS_STANDARD_INCLUDING_64_BIT)";
				CLANG_CXX_LANGUAGE_STANDARD = "gnu++0x";
				CLANG_CXX_LIBRARY = "libc++";
				CLANG_ENABLE_MODULES = YES;
				CLANG_ENABLE_OBJC_ARC = YES;
				CLANG_WARN_BOOL_CONVERSION = YES;
				CLANG_WARN_CONSTANT_CONVERSION = YES;
				CLANG_WARN_DIRECT_OBJC_ISA_USAGE = YES_ERROR;
				CLANG_WARN_EMPTY_BODY = YES;
				CLANG_WARN_ENUM_CONVERSION = YES;
				CLANG_WARN_INT_CONVERSION = YES;
				CLANG_WARN_OBJC_ROOT_CLASS = YES_ERROR;
				CLANG_WARN__DUPLICATE_METHOD_MATCH = YES;
				"CODE_SIGN_IDENTITY[sdk=iphoneos*]" = "iPhone Developer";
				COPY_PHASE_STRIP = YES;
				ENABLE_NS_ASSERTIONS = NO;
				GCC_C_LANGUAGE_STANDARD = gnu99;
				GCC_WARN_64_TO_32_BIT_CONVERSION = YES;
				GCC_WARN_ABOUT_RETURN_TYPE = YES_ERROR;
				GCC_WARN_UNDECLARED_SELECTOR = YES;
				GCC_WARN_UNINITIALIZED_AUTOS = YES;
				GCC_WARN_UNUSED_FUNCTION = YES;
				GCC_WARN_UNUSED_VARIABLE = YES;
				IPHONEOS_DEPLOYMENT_TARGET = 7.0;
				SDKROOT = iphoneos;
				VALIDATE_PRODUCT = YES;
			};
			name = Release;
		};
		50FAAB83187CB6C5007DE001 /* Debug */ = {
			isa = XCBuildConfiguration;
			buildSettings = {
				ASSETCATALOG_COMPILER_APPICON_NAME = AppIcon;
				ASSETCATALOG_COMPILER_LAUNCHIMAGE_NAME = LaunchImage;
				GCC_PRECOMPILE_PREFIX_HEADER = YES;
				GCC_PREFIX_HEADER = "Leaderboard/Leaderboard-Prefix.pch";
				INFOPLIST_FILE = "Leaderboard/Leaderboard-Info.plist";
				PRODUCT_NAME = "$(TARGET_NAME)";
				WRAPPER_EXTENSION = app;
			};
			name = Debug;
		};
		50FAAB84187CB6C5007DE001 /* Release */ = {
			isa = XCBuildConfiguration;
			buildSettings = {
				ASSETCATALOG_COMPILER_APPICON_NAME = AppIcon;
				ASSETCATALOG_COMPILER_LAUNCHIMAGE_NAME = LaunchImage;
				GCC_PRECOMPILE_PREFIX_HEADER = YES;
				GCC_PREFIX_HEADER = "Leaderboard/Leaderboard-Prefix.pch";
				INFOPLIST_FILE = "Leaderboard/Leaderboard-Info.plist";
				PRODUCT_NAME = "$(TARGET_NAME)";
				WRAPPER_EXTENSION = app;
			};
			name = Release;
		};
		50FAAB86187CB6C5007DE001 /* Debug */ = {
			isa = XCBuildConfiguration;
			buildSettings = {
				ARCHS = "$(ARCHS_STANDARD_INCLUDING_64_BIT)";
				BUNDLE_LOADER = "$(BUILT_PRODUCTS_DIR)/Leaderboard.app/Leaderboard";
				FRAMEWORK_SEARCH_PATHS = (
					"$(SDKROOT)/Developer/Library/Frameworks",
					"$(inherited)",
					"$(DEVELOPER_FRAMEWORKS_DIR)",
				);
				GCC_PRECOMPILE_PREFIX_HEADER = YES;
				GCC_PREFIX_HEADER = "Leaderboard/Leaderboard-Prefix.pch";
				GCC_PREPROCESSOR_DEFINITIONS = (
					"DEBUG=1",
					"$(inherited)",
				);
				INFOPLIST_FILE = "LeaderboardTests/LeaderboardTests-Info.plist";
				PRODUCT_NAME = "$(TARGET_NAME)";
				TEST_HOST = "$(BUNDLE_LOADER)";
				WRAPPER_EXTENSION = xctest;
			};
			name = Debug;
		};
		50FAAB87187CB6C5007DE001 /* Release */ = {
			isa = XCBuildConfiguration;
			buildSettings = {
				ARCHS = "$(ARCHS_STANDARD_INCLUDING_64_BIT)";
				BUNDLE_LOADER = "$(BUILT_PRODUCTS_DIR)/Leaderboard.app/Leaderboard";
				FRAMEWORK_SEARCH_PATHS = (
					"$(SDKROOT)/Developer/Library/Frameworks",
					"$(inherited)",
					"$(DEVELOPER_FRAMEWORKS_DIR)",
				);
				GCC_PRECOMPILE_PREFIX_HEADER = YES;
				GCC_PREFIX_HEADER = "Leaderboard/Leaderboard-Prefix.pch";
				INFOPLIST_FILE = "LeaderboardTests/LeaderboardTests-Info.plist";
				PRODUCT_NAME = "$(TARGET_NAME)";
				TEST_HOST = "$(BUNDLE_LOADER)";
				WRAPPER_EXTENSION = xctest;
			};
			name = Release;
		};
/* End XCBuildConfiguration section */

/* Begin XCConfigurationList section */
		50FAAB48187CB6C5007DE001 /* Build configuration list for PBXProject "Leaderboard" */ = {
			isa = XCConfigurationList;
			buildConfigurations = (
				50FAAB80187CB6C5007DE001 /* Debug */,
				50FAAB81187CB6C5007DE001 /* Release */,
			);
			defaultConfigurationIsVisible = 0;
			defaultConfigurationName = Release;
		};
		50FAAB82187CB6C5007DE001 /* Build configuration list for PBXNativeTarget "Leaderboard" */ = {
			isa = XCConfigurationList;
			buildConfigurations = (
				50FAAB83187CB6C5007DE001 /* Debug */,
				50FAAB84187CB6C5007DE001 /* Release */,
			);
			defaultConfigurationIsVisible = 0;
			defaultConfigurationName = Release;
		};
		50FAAB85187CB6C5007DE001 /* Build configuration list for PBXNativeTarget "LeaderboardTests" */ = {
			isa = XCConfigurationList;
			buildConfigurations = (
				50FAAB86187CB6C5007DE001 /* Debug */,
				50FAAB87187CB6C5007DE001 /* Release */,
			);
			defaultConfigurationIsVisible = 0;
			defaultConfigurationName = Release;
		};
/* End XCConfigurationList section */
	};
	rootObject = 50FAAB45187CB6C5007DE001 /* Project object */;
}
